{
  "projects": [
    {
      "projectId": "hHR8iRZfBbUi846fSGrHK9",
      "version": "latest",
      "dependencies": {},
      "lang": "ts",
      "fileLocks": [
        {
          "type": "globalVariant",
          "assetId": "nCZX5j3qpH_O",
          "checksum": "a3fd1b48f0b129079a0da526e4da0645"
        },
        {
          "assetId": "hHR8iRZfBbUi846fSGrHK9",
          "type": "projectCss",
          "checksum": "64d0d778e25ec447a8fd963a7280c935"
        },
        {
          "type": "renderModule",
          "assetId": "V688v_h7Si1v",
          "checksum": "3ef9aebd7a2a029dc9d47782532fb936"
        },
        {
          "type": "cssRules",
          "assetId": "V688v_h7Si1v",
          "checksum": "3ef9aebd7a2a029dc9d47782532fb936"
        }
      ],
      "codegenVersion": "0.0.1"
    }
  ],
  "cliVersion": "0.1.335"
}
